
Microsoft Visual Studio Solution File, Format Version 12.00
# Visual Studio 15
VisualStudioVersion = 15.0.27428.2043
MinimumVisualStudioVersion = 10.0.40219.1
Project("{FAE04EC0-301F-11D3-BF4B-00C04F79EFBC}") = "ProjetoGrafico", "ProjetoGrafico\ProjetoGrafico.csproj", "{A990D77C-219E-4FA1-926F-50ED9FAE164C}"
EndProject
Global
	GlobalSection(SolutionConfigurationPlatforms) = preSolution
		Debug|Any CPU = Debug|Any CPU
		Release|Any CPU = Release|Any CPU
	EndGlobalSection
	GlobalSection(ProjectConfigurationPlatforms) = postSolution
		{A990D77C-219E-4FA1-926F-50ED9FAE164C}.Debug|Any CPU.ActiveCfg = Debug|Any CPU
		{A990D77C-219E-4FA1-926F-50ED9FAE164C}.Debug|Any CPU.Build.0 = Debug|Any CPU
		{A990D77C-219E-4FA1-926F-50ED9FAE164C}.Release|Any CPU.ActiveCfg = Release|Any CPU
		{A990D77C-219E-4FA1-926F-50ED9FAE164C}.Release|Any CPU.Build.0 = Release|Any CPU
	EndGlobalSection
	GlobalSection(SolutionProperties) = preSolution
		HideSolutionNode = FALSE
	EndGlobalSection
	GlobalSection(ExtensibilityGlobals) = postSolution
		SolutionGuid = {DE1CCCD2-0133-4666-846F-A0FFC9AAC447}
	EndGlobalSection
EndGlobal
